{
  "requires": true,
  "lockfileVersion": 1,
  "dependencies": {
    "realgrid": {
      "version": "2.6.3",
      "resolved": "https://registry.npmjs.org/realgrid/-/realgrid-2.6.3.tgz",
      "integrity": "sha512-LDbuUlAmhj0/Jr9AiJG6NiWJNMq0XX92dANUOGh15EvJqGdjfaqis9tlncuRWK1itkJQDAavVMT3KdmG8tqyuw=="
    }
  }
}
